
Microsoft Visual Studio Solution File, Format Version 12.00
# Visual Studio Version 16
VisualStudioVersion = 16.0.30717.126
MinimumVisualStudioVersion = 10.0.40219.1
Project("{FAE04EC0-301F-11D3-BF4B-00C04F79EFBC}") = "Spreadsheet", "Spreadsheet.csproj", "{BF79A7BE-6EE8-414D-BBF9-556AD33D857E}"
EndProject
Global
	GlobalSection(SolutionConfigurationPlatforms) = preSolution
		Debug|Any CPU = Debug|Any CPU
		Release|Any CPU = Release|Any CPU
	EndGlobalSection
	GlobalSection(ProjectConfigurationPlatforms) = postSolution
		{BF79A7BE-6EE8-414D-BBF9-556AD33D857E}.Debug|Any CPU.ActiveCfg = Debug|Any CPU
		{BF79A7BE-6EE8-414D-BBF9-556AD33D857E}.Debug|Any CPU.Build.0 = Debug|Any CPU
		{BF79A7BE-6EE8-414D-BBF9-556AD33D857E}.Release|Any CPU.ActiveCfg = Release|Any CPU
		{BF79A7BE-6EE8-414D-BBF9-556AD33D857E}.Release|Any CPU.Build.0 = Release|Any CPU
	EndGlobalSection
	GlobalSection(SolutionProperties) = preSolution
		HideSolutionNode = FALSE
	EndGlobalSection
	GlobalSection(ExtensibilityGlobals) = postSolution
		SolutionGuid = {AE067FF3-F910-430D-A650-F76182BEC3FF}
	EndGlobalSection
EndGlobal
